
Microsoft Visual Studio Solution File, Format Version 12.00
# Visual Studio Version 17
VisualStudioVersion = 17.12.35514.174
MinimumVisualStudioVersion = 10.0.40219.1
Project("{FAE04EC0-301F-11D3-BF4B-00C04F79EFBC}") = "02_Half_DiamondTypeNumber", "02_Half_DiamondTypeNumber\02_Half_DiamondTypeNumber.csproj", "{B524AA63-4402-4D4E-9138-67BBDC016D45}"
EndProject
Project("{FAE04EC0-301F-11D3-BF4B-00C04F79EFBC}") = "01_Diamond_Patterern", "01_Diamond_Problem\01_Diamond_Patterern.csproj", "{65516609-A469-44FB-97A4-D64F12CA911F}"
EndProject
Project("{FAE04EC0-301F-11D3-BF4B-00C04F79EFBC}") = "03_Reverse_String", "03_Reverse_String\03_Reverse_String.csproj", "{E4A4309E-F219-4C4B-A7CF-110A1521FBF0}"
EndProject
Project("{FAE04EC0-301F-11D3-BF4B-00C04F79EFBC}") = "04_FrequencyCount", "04_FrequencyCount\04_FrequencyCount.csproj", "{E831419E-AC25-455F-93D1-D819459B90A5}"
EndProject
Global
	GlobalSection(SolutionConfigurationPlatforms) = preSolution
		Debug|Any CPU = Debug|Any CPU
		Release|Any CPU = Release|Any CPU
	EndGlobalSection
	GlobalSection(ProjectConfigurationPlatforms) = postSolution
		{B524AA63-4402-4D4E-9138-67BBDC016D45}.Debug|Any CPU.ActiveCfg = Debug|Any CPU
		{B524AA63-4402-4D4E-9138-67BBDC016D45}.Debug|Any CPU.Build.0 = Debug|Any CPU
		{B524AA63-4402-4D4E-9138-67BBDC016D45}.Release|Any CPU.ActiveCfg = Release|Any CPU
		{B524AA63-4402-4D4E-9138-67BBDC016D45}.Release|Any CPU.Build.0 = Release|Any CPU
		{65516609-A469-44FB-97A4-D64F12CA911F}.Debug|Any CPU.ActiveCfg = Debug|Any CPU
		{65516609-A469-44FB-97A4-D64F12CA911F}.Debug|Any CPU.Build.0 = Debug|Any CPU
		{65516609-A469-44FB-97A4-D64F12CA911F}.Release|Any CPU.ActiveCfg = Release|Any CPU
		{65516609-A469-44FB-97A4-D64F12CA911F}.Release|Any CPU.Build.0 = Release|Any CPU
		{E4A4309E-F219-4C4B-A7CF-110A1521FBF0}.Debug|Any CPU.ActiveCfg = Debug|Any CPU
		{E4A4309E-F219-4C4B-A7CF-110A1521FBF0}.Debug|Any CPU.Build.0 = Debug|Any CPU
		{E4A4309E-F219-4C4B-A7CF-110A1521FBF0}.Release|Any CPU.ActiveCfg = Release|Any CPU
		{E4A4309E-F219-4C4B-A7CF-110A1521FBF0}.Release|Any CPU.Build.0 = Release|Any CPU
		{E831419E-AC25-455F-93D1-D819459B90A5}.Debug|Any CPU.ActiveCfg = Debug|Any CPU
		{E831419E-AC25-455F-93D1-D819459B90A5}.Debug|Any CPU.Build.0 = Debug|Any CPU
		{E831419E-AC25-455F-93D1-D819459B90A5}.Release|Any CPU.ActiveCfg = Release|Any CPU
		{E831419E-AC25-455F-93D1-D819459B90A5}.Release|Any CPU.Build.0 = Release|Any CPU
	EndGlobalSection
	GlobalSection(SolutionProperties) = preSolution
		HideSolutionNode = FALSE
	EndGlobalSection
EndGlobal
